<Solution>
  <Project Path="Demo_01_Simple/Demo_01_Simple.csproj" />
  <Project Path="Demo_02_Grid/Demo_02_Grid.csproj" />
  <Project Path="Demo_03_GridSplitter/Demo_03_GridSplitter.csproj" />
  <Project Path="Demo_04_ComboBox/Demo_04_ComboBox.csproj" />
  <Project Path="Demo_05_MVVM/Demo_05_MVVM.csproj" />
  <Project Path="Demo_06_TwoWayMVVM/Demo_06_TwoWayMVVM.csproj" />
  <Project Path="Demo_07_Style/Demo_07_Style.csproj" />
  <Project Path="Demo_08_FluentTheme/Demo_08_FluentTheme.csproj" />
  <Project Path="Demo_09_SkiaChart/Demo_09_SkiaChart.csproj" />
  <Project Path="Demo_10_SkiaAnimation/Demo_10_SkiaAnimation.csproj" />
  <Project Path="Demo_11_ControlTemplate/Demo_11_ControlTemplate.csproj" />
  <Project Path="Demo_12_Triggers/Demo_12_Triggers.csproj" />
  <Project Path="WpfxLib/WpfxLib.csproj" />
</Solution>
